<Solution>
  <Project Path="Tayx.Graphy.csproj" />
  <Project Path="Assembly-CSharp-Editor.csproj" />
  <Project Path="Assembly-CSharp.csproj" />
  <Project Path="Kybernetik.InspectorGadgets.Editor.csproj" />
  <Project Path="Tayx.Graphy.Editor.csproj" />
  <Project Path="Kybernetik.InspectorGadgets.csproj" />
</Solution>
